
Microsoft Visual Studio Solution File, Format Version 12.00
# Visual Studio 15
VisualStudioVersion = 15.0.28307.1259
MinimumVisualStudioVersion = 10.0.40219.1
Project("{FAE04EC0-301F-11D3-BF4B-00C04F79EFBC}") = "splitwords", "splitwords\splitwords.csproj", "{946070C2-F0A3-4FD2-BB56-43EC93E9DC4B}"
EndProject
Global
	GlobalSection(SolutionConfigurationPlatforms) = preSolution
		Debug|Any CPU = Debug|Any CPU
		Release|Any CPU = Release|Any CPU
	EndGlobalSection
	GlobalSection(ProjectConfigurationPlatforms) = postSolution
		{946070C2-F0A3-4FD2-BB56-43EC93E9DC4B}.Debug|Any CPU.ActiveCfg = Debug|Any CPU
		{946070C2-F0A3-4FD2-BB56-43EC93E9DC4B}.Debug|Any CPU.Build.0 = Debug|Any CPU
		{946070C2-F0A3-4FD2-BB56-43EC93E9DC4B}.Release|Any CPU.ActiveCfg = Release|Any CPU
		{946070C2-F0A3-4FD2-BB56-43EC93E9DC4B}.Release|Any CPU.Build.0 = Release|Any CPU
	EndGlobalSection
	GlobalSection(SolutionProperties) = preSolution
		HideSolutionNode = FALSE
	EndGlobalSection
	GlobalSection(ExtensibilityGlobals) = postSolution
		SolutionGuid = {6F41286C-D3E8-4423-842F-C5AC55B3193F}
	EndGlobalSection
EndGlobal
